
Microsoft Visual Studio Solution File, Format Version 12.00
# Visual Studio Version 17
VisualStudioVersion = 17.14.36127.28 d17.14
MinimumVisualStudioVersion = 10.0.40219.1
Project("{FAE04EC0-301F-11D3-BF4B-00C04F79EFBC}") = "ElearningAcademy.api", "ElearningAcademy.api\ElearningAcademy.api.csproj", "{6EDC6CD0-2540-4785-91B8-E2D143315AD4}"
EndProject
Global
	GlobalSection(SolutionConfigurationPlatforms) = preSolution
		Debug|Any CPU = Debug|Any CPU
		Release|Any CPU = Release|Any CPU
	EndGlobalSection
	GlobalSection(ProjectConfigurationPlatforms) = postSolution
		{6EDC6CD0-2540-4785-91B8-E2D143315AD4}.Debug|Any CPU.ActiveCfg = Debug|Any CPU
		{6EDC6CD0-2540-4785-91B8-E2D143315AD4}.Debug|Any CPU.Build.0 = Debug|Any CPU
		{6EDC6CD0-2540-4785-91B8-E2D143315AD4}.Release|Any CPU.ActiveCfg = Release|Any CPU
		{6EDC6CD0-2540-4785-91B8-E2D143315AD4}.Release|Any CPU.Build.0 = Release|Any CPU
	EndGlobalSection
	GlobalSection(SolutionProperties) = preSolution
		HideSolutionNode = FALSE
	EndGlobalSection
	GlobalSection(ExtensibilityGlobals) = postSolution
		SolutionGuid = {1E1A1E78-462E-4A68-9BC3-9A2163ECB133}
	EndGlobalSection
EndGlobal
